version = 1
revision = 3
requires-python = ">=3.11"

[[package]]
name = "attrs"
version = "24.3.0"
source = { registry = "https://pypi.org/simple" }
sdist = { url = "https://files.pythonhosted.org/packages/48/c8/6260f8ccc11f0917360fc0da435c5c9c7504e3db174d5a12a1494887b045/attrs-24.3.0.tar.gz", hash = "sha256:8f5c07333d543103541ba7be0e2ce16eeee8130cb0b3f9238ab904ce1e85baff", size = 805984, upload-time = "2024-12-16T06:59:29.899Z" }
wheels = [
    { url = "https://files.pythonhosted.org/packages/89/aa/ab0f7891a01eeb2d2e338ae8fecbe57fcebea1a24dbb64d45801bfab481d/attrs-24.3.0-py3-none-any.whl", hash = "sha256:ac96cd038792094f438ad1f6ff80837353805ac950cd2aa0e0625ef19850c308", size = 63397, upload-time = "2024-12-16T06:59:26.977Z" },
]

[[package]]
name = "cattrs"
version = "23.2.3"
source = { registry = "https://pypi.org/simple" }
dependencies = [
    { name = "attrs" },
]
sdist = { url = "https://files.pythonhosted.org/packages/1e/57/c6ccd22658c4bcb3beb3f1c262e1f170cf136e913b122763d0ddd328d284/cattrs-23.2.3.tar.gz", hash = "sha256:a934090d95abaa9e911dac357e3a8699e0b4b14f8529bcc7d2b1ad9d51672b9f", size = 610215, upload-time = "2023-11-30T22:19:21.117Z" }
wheels = [
    { url = "https://files.pythonhosted.org/packages/b3/0d/cd4a4071c7f38385dc5ba91286723b4d1090b87815db48216212c6c6c30e/cattrs-23.2.3-py3-none-any.whl", hash = "sha256:0341994d94971052e9ee70662542699a3162ea1e0c62f7ce1b4a57f563685108", size = 57474, upload-time = "2023-11-30T22:19:19.163Z" },
]

[[package]]
name = "ffmpeg-python"
version = "0.2.0"
source = { registry = "https://pypi.org/simple" }
dependencies = [
    { name = "future" },
]
sdist = { url = "https://files.pythonhosted.org/packages/dd/5e/d5f9105d59c1325759d838af4e973695081fbbc97182baf73afc78dec266/ffmpeg-python-0.2.0.tar.gz", hash = "sha256:65225db34627c578ef0e11c8b1eb528bb35e024752f6f10b78c011f6f64c4127", size = 21543, upload-time = "2019-07-06T00:19:08.989Z" }
wheels = [
    { url = "https://files.pythonhosted.org/packages/d7/0c/56be52741f75bad4dc6555991fabd2e07b432d333da82c11ad701123888a/ffmpeg_python-0.2.0-py3-none-any.whl", hash = "sha256:ac441a0404e053f8b6a1113a77c0f452f1cfc62f6344a769475ffdc0f56c23c5", size = 25024, upload-time = "2019-07-06T00:19:07.215Z" },
]

[[package]]
name = "filelock"
version = "3.20.3"
source = { registry = "https://pypi.org/simple" }
sdist = { url = "https://files.pythonhosted.org/packages/1d/65/ce7f1b70157833bf3cb851b556a37d4547ceafc158aa9b34b36782f23696/filelock-3.20.3.tar.gz", hash = "sha256:18c57ee915c7ec61cff0ecf7f0f869936c7c30191bb0cf406f1341778d0834e1", size = 19485, upload-time = "2026-01-09T17:55:05.421Z" }
wheels = [
    { url = "https://files.pythonhosted.org/packages/b5/36/7fb70f04bf00bc646cd5bb45aa9eddb15e19437a28b8fb2b4a5249fac770/filelock-3.20.3-py3-none-any.whl", hash = "sha256:4b0dda527ee31078689fc205ec4f1c1bf7d56cf88b6dc9426c4f230e46c2dce1", size = 16701, upload-time = "2026-01-09T17:55:04.334Z" },
]

[[package]]
name = "future"
version = "1.0.0"
source = { registry = "https://pypi.org/simple" }
sdist = { url = "https://files.pythonhosted.org/packages/a7/b2/4140c69c6a66432916b26158687e821ba631a4c9273c474343badf84d3ba/future-1.0.0.tar.gz", hash = "sha256:bd2968309307861edae1458a4f8a4f3598c03be43b97521076aebf5d94c07b05", size = 1228490, upload-time = "2024-02-21T11:52:38.461Z" }
wheels = [
    { url = "https://files.pythonhosted.org/packages/da/71/ae30dadffc90b9006d77af76b393cb9dfbfc9629f339fc1574a1c52e6806/future-1.0.0-py3-none-any.whl", hash = "sha256:929292d34f5872e70396626ef385ec22355a1fae8ad29e1a734c3e43f9fbc216", size = 491326, upload-time = "2024-02-21T11:52:35.956Z" },
]

[[package]]
name = "gitdb"
version = "4.0.12"
source = { registry = "https://pypi.org/simple" }
dependencies = [
    { name = "smmap" },
]
sdist = { url = "https://files.pythonhosted.org/packages/72/94/63b0fc47eb32792c7ba1fe1b694daec9a63620db1e313033d18140c2320a/gitdb-4.0.12.tar.gz", hash = "sha256:5ef71f855d191a3326fcfbc0d5da835f26b13fbcba60c32c21091c349ffdb571", size = 394684, upload-time = "2025-01-02T07:20:46.413Z" }
wheels = [
    { url = "https://files.pythonhosted.org/packages/a0/61/5c78b91c3143ed5c14207f463aecfc8f9dbb5092fb2869baf37c273b2705/gitdb-4.0.12-py3-none-any.whl", hash = "sha256:67073e15955400952c6565cc3e707c554a4eea2e428946f7a4c162fab9bd9bcf", size = 62794, upload-time = "2025-01-02T07:20:43.624Z" },
]

[[package]]
name = "gitpython"
version = "3.1.46"
source = { registry = "https://pypi.org/simple" }
dependencies = [
    { name = "gitdb" },
]
sdist = { url = "https://files.pythonhosted.org/packages/df/b5/59d16470a1f0dfe8c793f9ef56fd3826093fc52b3bd96d6b9d6c26c7e27b/gitpython-3.1.46.tar.gz", hash = "sha256:400124c7d0ef4ea03f7310ac2fbf7151e09ff97f2a3288d64a440c584a29c37f", size = 215371, upload-time = "2026-01-01T15:37:32.073Z" }
wheels = [
    { url = "https://files.pythonhosted.org/packages/6a/09/e21df6aef1e1ffc0c816f0522ddc3f6dcded766c3261813131c78a704470/gitpython-3.1.46-py3-none-any.whl", hash = "sha256:79812ed143d9d25b6d176a10bb511de0f9c67b1fa641d82097b0ab90398a2058", size = 208620, upload-time = "2026-01-01T15:37:30.574Z" },
]

[[package]]
name = "maya-stubs"
version = "0.4.2"
source = { registry = "https://pypi.org/simple" }
sdist = { url = "https://files.pythonhosted.org/packages/83/ac/cb12a396f8dad98fa15dae801899e8d1ff39debdaa66fe81cd8d93e4d666/maya_stubs-0.4.2.tar.gz", hash = "sha256:86eb6901b4e341895c572a94c055d0248903720a42c22a9a507bdcfda52e9da0", size = 313929, upload-time = "2025-10-30T21:43:30.561Z" }
wheels = [
    { url = "https://files.pythonhosted.org/packages/fd/39/df15b423c029fe7dcdf43814f4776fb689c86e6fc48ab36af3cae63b2732/maya_stubs-0.4.2-py3-none-any.whl", hash = "sha256:2dd28457af1877293f5b7544eea5a14384ad89b5a59796847c6c68c1a44f0db9", size = 258974, upload-time = "2025-10-30T21:43:28.101Z" },
]

[[package]]
name = "nptyping"
version = "2.5.0"
source = { registry = "https://pypi.org/simple" }
dependencies = [
    { name = "numpy" },
]
sdist = { url = "https://files.pythonhosted.org/packages/e1/b7/ffe533358c32506b1708feec0fb04ba0a35a959a94163fff5333671909da/nptyping-2.5.0.tar.gz", hash = "sha256:e3d35b53af967e6fb407c3016ff9abae954d3a0568f7cc13a461084224e8e20a", size = 71623, upload-time = "2023-02-20T21:57:11.814Z" }
wheels = [
    { url = "https://files.pythonhosted.org/packages/b1/28/92edc05378175de13a3d4986cee7531853634a22b7e5e21a988fa84fde3f/nptyping-2.5.0-py3-none-any.whl", hash = "sha256:764e51836faae33a7ae2e928af574cfb701355647accadcc89f2ad793630b7c8", size = 37602, upload-time = "2023-02-20T21:57:09.61Z" },
]

[[package]]
name = "numpy"
version = "1.26.4"
source = { registry = "https://pypi.org/simple" }
sdist = { url = "https://files.pythonhosted.org/packages/65/6e/09db70a523a96d25e115e71cc56a6f9031e7b8cd166c1ac8438307c14058/numpy-1.26.4.tar.gz", hash = "sha256:2a02aba9ed12e4ac4eb3ea9421c420301a0c6460d9830d74a9df87efa4912010", size = 15786129, upload-time = "2024-02-06T00:26:44.495Z" }
wheels = [
    { url = "https://files.pythonhosted.org/packages/11/57/baae43d14fe163fa0e4c47f307b6b2511ab8d7d30177c491960504252053/numpy-1.26.4-cp311-cp311-macosx_10_9_x86_64.whl", hash = "sha256:4c66707fabe114439db9068ee468c26bbdf909cac0fb58686a42a24de1760c71", size = 20630554, upload-time = "2024-02-05T23:51:50.149Z" },
    { url = "https://files.pythonhosted.org/packages/1a/2e/151484f49fd03944c4a3ad9c418ed193cfd02724e138ac8a9505d056c582/numpy-1.26.4-cp311-cp311-macosx_11_0_arm64.whl", hash = "sha256:edd8b5fe47dab091176d21bb6de568acdd906d1887a4584a15a9a96a1dca06ef", size = 13997127, upload-time = "2024-02-05T23:52:15.314Z" },
    { url = "https://files.pythonhosted.org/packages/79/ae/7e5b85136806f9dadf4878bf73cf223fe5c2636818ba3ab1c585d0403164/numpy-1.26.4-cp311-cp311-manylinux_2_17_aarch64.manylinux2014_aarch64.whl", hash = "sha256:7ab55401287bfec946ced39700c053796e7cc0e3acbef09993a9ad2adba6ca6e", size = 14222994, upload-time = "2024-02-05T23:52:47.569Z" },
    { url = "https://files.pythonhosted.org/packages/3a/d0/edc009c27b406c4f9cbc79274d6e46d634d139075492ad055e3d68445925/numpy-1.26.4-cp311-cp311-manylinux_2_17_x86_64.manylinux2014_x86_64.whl", hash = "sha256:666dbfb6ec68962c033a450943ded891bed2d54e6755e35e5835d63f4f6931d5", size = 18252005, upload-time = "2024-02-05T23:53:15.637Z" },
    { url = "https://files.pythonhosted.org/packages/09/bf/2b1aaf8f525f2923ff6cfcf134ae5e750e279ac65ebf386c75a0cf6da06a/numpy-1.26.4-cp311-cp311-musllinux_1_1_aarch64.whl", hash = "sha256:96ff0b2ad353d8f990b63294c8986f1ec3cb19d749234014f4e7eb0112ceba5a", size = 13885297, upload-time = "2024-02-05T23:53:42.16Z" },
    { url = "https://files.pythonhosted.org/packages/df/a0/4e0f14d847cfc2a633a1c8621d00724f3206cfeddeb66d35698c4e2cf3d2/numpy-1.26.4-cp311-cp311-musllinux_1_1_x86_64.whl", hash = "sha256:60dedbb91afcbfdc9bc0b1f3f402804070deed7392c23eb7a7f07fa857868e8a", size = 18093567, upload-time = "2024-02-05T23:54:11.696Z" },
    { url = "https://files.pythonhosted.org/packages/d2/b7/a734c733286e10a7f1a8ad1ae8c90f2d33bf604a96548e0a4a3a6739b468/numpy-1.26.4-cp311-cp311-win32.whl", hash = "sha256:1af303d6b2210eb850fcf03064d364652b7120803a0b872f5211f5234b399f20", size = 5968812, upload-time = "2024-02-05T23:54:26.453Z" },
    { url = "https://files.pythonhosted.org/packages/3f/6b/5610004206cf7f8e7ad91c5a85a8c71b2f2f8051a0c0c4d5916b76d6cbb2/numpy-1.26.4-cp311-cp311-win_amd64.whl", hash = "sha256:cd25bcecc4974d09257ffcd1f098ee778f7834c3ad767fe5db785be9a4aa9cb2", size = 15811913, upload-time = "2024-02-05T23:54:53.933Z" },
    { url = "https://files.pythonhosted.org/packages/95/12/8f2020a8e8b8383ac0177dc9570aad031a3beb12e38847f7129bacd96228/numpy-1.26.4-cp312-cp312-macosx_10_9_x86_64.whl", hash = "sha256:b3ce300f3644fb06443ee2222c2201dd3a89ea6040541412b8fa189341847218", size = 20335901, upload-time = "2024-02-05T23:55:32.801Z" },
    { url = "https://files.pythonhosted.org/packages/75/5b/ca6c8bd14007e5ca171c7c03102d17b4f4e0ceb53957e8c44343a9546dcc/numpy-1.26.4-cp312-cp312-macosx_11_0_arm64.whl", hash = "sha256:03a8c78d01d9781b28a6989f6fa1bb2c4f2d51201cf99d3dd875df6fbd96b23b", size = 13685868, upload-time = "2024-02-05T23:55:56.28Z" },
    { url = "https://files.pythonhosted.org/packages/79/f8/97f10e6755e2a7d027ca783f63044d5b1bc1ae7acb12afe6a9b4286eac17/numpy-1.26.4-cp312-cp312-manylinux_2_17_aarch64.manylinux2014_aarch64.whl", hash = "sha256:9fad7dcb1aac3c7f0584a5a8133e3a43eeb2fe127f47e3632d43d677c66c102b", size = 13925109, upload-time = "2024-02-05T23:56:20.368Z" },
    { url = "https://files.pythonhosted.org/packages/0f/50/de23fde84e45f5c4fda2488c759b69990fd4512387a8632860f3ac9cd225/numpy-1.26.4-cp312-cp312-manylinux_2_17_x86_64.manylinux2014_x86_64.whl", hash = "sha256:675d61ffbfa78604709862923189bad94014bef562cc35cf61d3a07bba02a7ed", size = 17950613, upload-time = "2024-02-05T23:56:56.054Z" },
    { url = "https://files.pythonhosted.org/packages/4c/0c/9c603826b6465e82591e05ca230dfc13376da512b25ccd0894709b054ed0/numpy-1.26.4-cp312-cp312-musllinux_1_1_aarch64.whl", hash = "sha256:ab47dbe5cc8210f55aa58e4805fe224dac469cde56b9f731a4c098b91917159a", size = 13572172, upload-time = "2024-02-05T23:57:21.56Z" },
    { url = "https://files.pythonhosted.org/packages/76/8c/2ba3902e1a0fc1c74962ea9bb33a534bb05984ad7ff9515bf8d07527cadd/numpy-1.26.4-cp312-cp312-musllinux_1_1_x86_64.whl", hash = "sha256:1dda2e7b4ec9dd512f84935c5f126c8bd8b9f2fc001e9f54af255e8c5f16b0e0", size = 17786643, upload-time = "2024-02-05T23:57:56.585Z" },
    { url = "https://files.pythonhosted.org/packages/28/4a/46d9e65106879492374999e76eb85f87b15328e06bd1550668f79f7b18c6/numpy-1.26.4-cp312-cp312-win32.whl", hash = "sha256:50193e430acfc1346175fcbdaa28ffec49947a06918b7b92130744e81e640110", size = 5677803, upload-time = "2024-02-05T23:58:08.963Z" },
    { url = "https://files.pythonhosted.org/packages/16/2e/86f24451c2d530c88daf997cb8d6ac622c1d40d19f5a031ed68a4b73a374/numpy-1.26.4-cp312-cp312-win_amd64.whl", hash = "sha256:08beddf13648eb95f8d867350f6a018a4be2e5ad54c8d8caed89ebca558b2818", size = 15517754, upload-time = "2024-02-05T23:58:36.364Z" },
]

[[package]]
name = "nxt-core"
version = "0.18.1"
source = { registry = "https://pypi.org/simple" }
sdist = { url = "https://files.pythonhosted.org/packages/32/b8/d15fda032fbb33e88e0c8cf9e5504540fcad814b3afa034b7912d3e9f3cd/nxt-core-0.18.1.tar.gz", hash = "sha256:210c6f55b6593a91c5412d13196c0e7b5bbcaf6d7e16f42bd8c8766c93908498", size = 129446, upload-time = "2024-11-25T21:59:38.493Z" }

[[package]]
name = "qt-py"
version = "1.4.8"
source = { registry = "https://pypi.org/simple" }
dependencies = [
    { name = "types-pyside2" },
]
sdist = { url = "https://files.pythonhosted.org/packages/41/7f/3602c68c0c1545ced4560efc2ef7fa6cf23978380816b462039913db2071/qt_py-1.4.8.tar.gz", hash = "sha256:3ca0e4526bc53cf0a8c6d1fbf1dce2554ed5daa1a4abf0e3e67f73bbc9799b39", size = 62828, upload-time = "2025-10-17T19:57:08.36Z" }
wheels = [
    { url = "https://files.pythonhosted.org/packages/71/a0/47b2b80fb0aa22fedaf1ceafb1e0a2dccb65ca7de55e61eeb0c07bcde248/qt_py-1.4.8-py2.py3-none-any.whl", hash = "sha256:bccb05611a904689569ef73372adfd2c47bd9307ee9f795477cc2b981b0fce65", size = 44454, upload-time = "2025-10-17T19:57:06.708Z" },
]

[[package]]
name = "ruff"
version = "0.5.7"
source = { registry = "https://pypi.org/simple" }
sdist = { url = "https://files.pythonhosted.org/packages/bf/2b/69e5e412f9d390adbdbcbf4f64d6914fa61b44b08839a6584655014fc524/ruff-0.5.7.tar.gz", hash = "sha256:8dfc0a458797f5d9fb622dd0efc52d796f23f0a1493a9527f4e49a550ae9a7e5", size = 2449817, upload-time = "2024-08-08T15:43:07.467Z" }
wheels = [
    { url = "https://files.pythonhosted.org/packages/6b/eb/06e06aaf96af30a68e83b357b037008c54a2ddcbad4f989535007c700394/ruff-0.5.7-py3-none-linux_armv6l.whl", hash = "sha256:548992d342fc404ee2e15a242cdbea4f8e39a52f2e7752d0e4cbe88d2d2f416a", size = 9570571, upload-time = "2024-08-08T15:41:56.537Z" },
    { url = "https://files.pythonhosted.org/packages/a4/10/1be32aeaab8728f78f673e7a47dd813222364479b2d6573dbcf0085e83ea/ruff-0.5.7-py3-none-macosx_10_12_x86_64.whl", hash = "sha256:00cc8872331055ee017c4f1071a8a31ca0809ccc0657da1d154a1d2abac5c0be", size = 8685138, upload-time = "2024-08-08T15:42:02.833Z" },
    { url = "https://files.pythonhosted.org/packages/3d/1d/c218ce83beb4394ba04d05e9aa2ae6ce9fba8405688fe878b0fdb40ce855/ruff-0.5.7-py3-none-macosx_11_0_arm64.whl", hash = "sha256:eaf3d86a1fdac1aec8a3417a63587d93f906c678bb9ed0b796da7b59c1114a1e", size = 8266785, upload-time = "2024-08-08T15:42:08.321Z" },
    { url = "https://files.pythonhosted.org/packages/26/79/7f49509bd844476235b40425756def366b227a9714191c91f02fb2178635/ruff-0.5.7-py3-none-manylinux_2_17_aarch64.manylinux2014_aarch64.whl", hash = "sha256:a01c34400097b06cf8a6e61b35d6d456d5bd1ae6961542de18ec81eaf33b4cb8", size = 9983964, upload-time = "2024-08-08T15:42:12.419Z" },
    { url = "https://files.pythonhosted.org/packages/bf/b1/939836b70bf9fcd5e5cd3ea67fdb8abb9eac7631351d32f26544034a35e4/ruff-0.5.7-py3-none-manylinux_2_17_armv7l.manylinux2014_armv7l.whl", hash = "sha256:fcc8054f1a717e2213500edaddcf1dbb0abad40d98e1bd9d0ad364f75c763eea", size = 9359490, upload-time = "2024-08-08T15:42:16.713Z" },
    { url = "https://files.pythonhosted.org/packages/32/7d/b3db19207de105daad0c8b704b2c6f2a011f9c07017bd58d8d6e7b8eba19/ruff-0.5.7-py3-none-manylinux_2_17_i686.manylinux2014_i686.whl", hash = "sha256:7f70284e73f36558ef51602254451e50dd6cc479f8b6f8413a95fcb5db4a55fc", size = 10170833, upload-time = "2024-08-08T15:42:20.54Z" },
    { url = "https://files.pythonhosted.org/packages/a2/45/eae9da55f3357a1ac04220230b8b07800bf516e6dd7e1ad20a2ff3b03b1b/ruff-0.5.7-py3-none-manylinux_2_17_ppc64.manylinux2014_ppc64.whl", hash = "sha256:a78ad870ae3c460394fc95437d43deb5c04b5c29297815a2a1de028903f19692", size = 10896360, upload-time = "2024-08-08T15:42:25.2Z" },
    { url = "https://files.pythonhosted.org/packages/99/67/4388b36d145675f4c51ebec561fcd4298a0e2550c81e629116f83ce45a39/ruff-0.5.7-py3-none-manylinux_2_17_ppc64le.manylinux2014_ppc64le.whl", hash = "sha256:9ccd078c66a8e419475174bfe60a69adb36ce04f8d4e91b006f1329d5cd44bcf", size = 10477094, upload-time = "2024-08-08T15:42:29.553Z" },
    { url = "https://files.pythonhosted.org/packages/e1/9c/f5e6ed1751dc187a4ecf19a4970dd30a521c0ee66b7941c16e292a4043fb/ruff-0.5.7-py3-none-manylinux_2_17_s390x.manylinux2014_s390x.whl", hash = "sha256:7e31c9bad4ebf8fdb77b59cae75814440731060a09a0e0077d559a556453acbb", size = 11480896, upload-time = "2024-08-08T15:42:33.772Z" },
    { url = "https://files.pythonhosted.org/packages/c8/3b/2b683be597bbd02046678fc3fc1c199c641512b20212073b58f173822bb3/ruff-0.5.7-py3-none-manylinux_2_17_x86_64.manylinux2014_x86_64.whl", hash = "sha256:8d796327eed8e168164346b769dd9a27a70e0298d667b4ecee6877ce8095ec8e", size = 10179702, upload-time = "2024-08-08T15:42:38.038Z" },
    { url = "https://files.pythonhosted.org/packages/f1/38/c2d94054dc4b3d1ea4c2ba3439b2a7095f08d1c8184bc41e6abe2a688be7/ruff-0.5.7-py3-none-musllinux_1_2_aarch64.whl", hash = "sha256:4a09ea2c3f7778cc635e7f6edf57d566a8ee8f485f3c4454db7771efb692c499", size = 9982855, upload-time = "2024-08-08T15:42:42.031Z" },
    { url = "https://files.pythonhosted.org/packages/7d/e7/1433db2da505ffa8912dcf5b28a8743012ee780cbc20ad0bf114787385d9/ruff-0.5.7-py3-none-musllinux_1_2_armv7l.whl", hash = "sha256:a36d8dcf55b3a3bc353270d544fb170d75d2dff41eba5df57b4e0b67a95bb64e", size = 9433156, upload-time = "2024-08-08T15:42:45.339Z" },
    { url = "https://files.pythonhosted.org/packages/e0/36/4fa43250e67741edeea3d366f59a1dc993d4d89ad493a36cbaa9889895f2/ruff-0.5.7-py3-none-musllinux_1_2_i686.whl", hash = "sha256:9369c218f789eefbd1b8d82a8cf25017b523ac47d96b2f531eba73770971c9e5", size = 9782971, upload-time = "2024-08-08T15:42:49.354Z" },
    { url = "https://files.pythonhosted.org/packages/80/0e/8c276103d518e5cf9202f70630aaa494abf6fc71c04d87c08b6d3cd07a4b/ruff-0.5.7-py3-none-musllinux_1_2_x86_64.whl", hash = "sha256:b88ca3db7eb377eb24fb7c82840546fb7acef75af4a74bd36e9ceb37a890257e", size = 10247775, upload-time = "2024-08-08T15:42:53.294Z" },
    { url = "https://files.pythonhosted.org/packages/cb/b9/673096d61276f39291b729dddde23c831a5833d98048349835782688a0ec/ruff-0.5.7-py3-none-win32.whl", hash = "sha256:33d61fc0e902198a3e55719f4be6b375b28f860b09c281e4bdbf783c0566576a", size = 7841772, upload-time = "2024-08-08T15:42:57.488Z" },
    { url = "https://files.pythonhosted.org/packages/67/1c/4520c98bfc06b9c73cd1457686d4d3935d40046b1ddea08403e5a6deff51/ruff-0.5.7-py3-none-win_amd64.whl", hash = "sha256:083bbcbe6fadb93cd86709037acc510f86eed5a314203079df174c40bbbca6b3", size = 8699779, upload-time = "2024-08-08T15:43:00.429Z" },
    { url = "https://files.pythonhosted.org/packages/38/23/b3763a237d2523d40a31fe2d1a301191fe392dd48d3014977d079cf8c0bd/ruff-0.5.7-py3-none-win_arm64.whl", hash = "sha256:2dca26154ff9571995107221d0aeaad0e75a77b5a682d6236cf89a58c70b76f4", size = 8091891, upload-time = "2024-08-08T15:43:04.162Z" },
]

[[package]]
name = "sandwich-pipeline"
version = "0.1.0"
source = { virtual = "." }
dependencies = [
    { name = "attrs" },
    { name = "cattrs" },
    { name = "ffmpeg-python" },
    { name = "filelock" },
    { name = "gitpython" },
    { name = "nxt-core" },
    { name = "qt-py" },
    { name = "six" },
]

[package.dev-dependencies]
dev = [
    { name = "maya-stubs" },
    { name = "nptyping" },
    { name = "ruff" },
    { name = "ty" },
    { name = "types-houdini" },
    { name = "types-katana" },
    { name = "types-mari" },
    { name = "types-nuke" },
    { name = "types-opencolorio" },
    { name = "types-pyside2" },
    { name = "types-substance-painter" },
    { name = "types-usd" },
]

[package.metadata]
requires-dist = [
    { name = "attrs", specifier = ">=24.2.0,<25" },
    { name = "cattrs", specifier = ">=23.2.3,<24" },
    { name = "ffmpeg-python", specifier = ">=0.2.0,<0.3" },
    { name = "filelock", specifier = ">=3.17.0,<4" },
    { name = "gitpython", specifier = ">=3.1.45,<4" },
    { name = "nxt-core", specifier = ">=0.18.1" },
    { name = "qt-py", specifier = ">=1.4.1,<2" },
    { name = "six", specifier = ">=1.17.0,<2" },
]

[package.metadata.requires-dev]
dev = [
    { name = "maya-stubs", specifier = ">=0.4.1,<0.5" },
    { name = "nptyping", specifier = ">=2.5.0,<3" },
    { name = "ruff", specifier = ">=0.5.7,<0.6" },
    { name = "ty", specifier = ">=0.0.20" },
    { name = "types-houdini", specifier = ">=19.5.1,<20" },
    { name = "types-katana", specifier = ">=5.0.5.0,<6" },
    { name = "types-mari", specifier = ">=5.0.5.0,<6" },
    { name = "types-nuke", specifier = ">=13.2.8.0,<14" },
    { name = "types-opencolorio", specifier = ">=2.2.1.2,<3" },
    { name = "types-pyside2", specifier = ">=5.15.2.1.7,<6" },
    { name = "types-substance-painter", specifier = ">=2023.8.3.0.0,<2024" },
    { name = "types-usd", specifier = ">=24.5.1,<25" },
]

[[package]]
name = "six"
version = "1.17.0"
source = { registry = "https://pypi.org/simple" }
sdist = { url = "https://files.pythonhosted.org/packages/94/e7/b2c673351809dca68a0e064b6af791aa332cf192da575fd474ed7d6f16a2/six-1.17.0.tar.gz", hash = "sha256:ff70335d468e7eb6ec65b95b99d3a2836546063f63acc5171de367e834932a81", size = 34031, upload-time = "2024-12-04T17:35:28.174Z" }
wheels = [
    { url = "https://files.pythonhosted.org/packages/b7/ce/149a00dd41f10bc29e5921b496af8b574d8413afcd5e30dfa0ed46c2cc5e/six-1.17.0-py2.py3-none-any.whl", hash = "sha256:4721f391ed90541fddacab5acf947aa0d3dc7d27b2e1e8eda2be8970586c3274", size = 11050, upload-time = "2024-12-04T17:35:26.475Z" },
]

[[package]]
name = "smmap"
version = "5.0.2"
source = { registry = "https://pypi.org/simple" }
sdist = { url = "https://files.pythonhosted.org/packages/44/cd/a040c4b3119bbe532e5b0732286f805445375489fceaec1f48306068ee3b/smmap-5.0.2.tar.gz", hash = "sha256:26ea65a03958fa0c8a1c7e8c7a58fdc77221b8910f6be2131affade476898ad5", size = 22329, upload-time = "2025-01-02T07:14:40.909Z" }
wheels = [
    { url = "https://files.pythonhosted.org/packages/04/be/d09147ad1ec7934636ad912901c5fd7667e1c858e19d355237db0d0cd5e4/smmap-5.0.2-py3-none-any.whl", hash = "sha256:b30115f0def7d7531d22a0fb6502488d879e75b260a9db4d0819cfb25403af5e", size = 24303, upload-time = "2025-01-02T07:14:38.724Z" },
]

[[package]]
name = "ty"
version = "0.0.20"
source = { registry = "https://pypi.org/simple" }
sdist = { url = "https://files.pythonhosted.org/packages/56/95/8de69bb98417227b01f1b1d743c819d6456c9fd140255b6124b05b17dfd6/ty-0.0.20.tar.gz", hash = "sha256:ebba6be7974c14efbb2a9adda6ac59848f880d7259f089dfa72a093039f1dcc6", size = 5262529, upload-time = "2026-03-02T15:51:36.587Z" }
wheels = [
    { url = "https://files.pythonhosted.org/packages/0b/2c/718abe48393e521bf852cd6b0f984766869b09c258d6e38a118768a91731/ty-0.0.20-py3-none-linux_armv6l.whl", hash = "sha256:7cc12769c169c9709a829c2248ee2826b7aae82e92caeac813d856f07c021eae", size = 10333656, upload-time = "2026-03-02T15:51:56.461Z" },
    { url = "https://files.pythonhosted.org/packages/41/0e/eb1c4cc4a12862e2327b72657bcebb10b7d9f17046f1bdcd6457a0211615/ty-0.0.20-py3-none-macosx_10_12_x86_64.whl", hash = "sha256:3b777c1bf13bc0a95985ebb8a324b8668a4a9b2e514dde5ccf09e4d55d2ff232", size = 10168505, upload-time = "2026-03-02T15:51:51.895Z" },
    { url = "https://files.pythonhosted.org/packages/89/7f/10230798e673f0dd3094dfd16e43bfd90e9494e7af6e8e7db516fb431ddf/ty-0.0.20-py3-none-macosx_11_0_arm64.whl", hash = "sha256:b2a4a7db48bf8cba30365001bc2cad7fd13c1a5aacdd704cc4b7925de8ca5eb3", size = 9678510, upload-time = "2026-03-02T15:51:48.451Z" },
    { url = "https://files.pythonhosted.org/packages/7a/3d/59d9159577494edd1728f7db77b51bb07884bd21384f517963114e3ab5f6/ty-0.0.20-py3-none-manylinux_2_17_aarch64.manylinux2014_aarch64.whl", hash = "sha256:6846427b8b353a43483e9c19936dc6a25612573b44c8f7d983dfa317e7f00d4c", size = 10162926, upload-time = "2026-03-02T15:51:40.558Z" },
    { url = "https://files.pythonhosted.org/packages/9c/a8/b7273eec3e802f78eb913fbe0ce0c16ef263723173e06a5776a8359b2c66/ty-0.0.20-py3-none-manylinux_2_17_armv7l.manylinux2014_armv7l.whl", hash = "sha256:245ceef5bd88df366869385cf96411cb14696334f8daa75597cf7e41c3012eb8", size = 10171702, upload-time = "2026-03-02T15:51:44.069Z" },
    { url = "https://files.pythonhosted.org/packages/9f/32/5f1144f2f04a275109db06e3498450c4721554215b80ae73652ef412eeab/ty-0.0.20-py3-none-manylinux_2_17_i686.manylinux2014_i686.whl", hash = "sha256:c4d21d1cdf67a444d3c37583c17291ddba9382a9871021f3f5d5735e09e85efe", size = 10682552, upload-time = "2026-03-02T15:51:33.102Z" },
    { url = "https://files.pythonhosted.org/packages/6a/db/9f1f637310792f12bd6ed37d5fc8ab39ba1a9b0c6c55a33865e9f1cad840/ty-0.0.20-py3-none-manylinux_2_17_ppc64le.manylinux2014_ppc64le.whl", hash = "sha256:bd4ffd907d1bd70e46af9e9a2f88622f215e1bf44658ea43b32c2c0b357299e4", size = 11242605, upload-time = "2026-03-02T15:51:34.895Z" },
    { url = "https://files.pythonhosted.org/packages/1a/68/cc9cae2e732fcfd20ccdffc508407905a023fc8493b8771c392d915528dc/ty-0.0.20-py3-none-manylinux_2_17_s390x.manylinux2014_s390x.whl", hash = "sha256:b6594b58d8b0e9d16a22b3045fc1305db4b132c8d70c17784ab8c7a7cc986807", size = 10974655, upload-time = "2026-03-02T15:51:46.011Z" },
    { url = "https://files.pythonhosted.org/packages/1c/c1/b9e3e3f28fe63486331e653f6aeb4184af8b1fe80542fcf74d2dda40a93d/ty-0.0.20-py3-none-manylinux_2_17_x86_64.manylinux2014_x86_64.whl", hash = "sha256:3662f890518ce6cf4d7568f57d03906912d2afbf948a01089a28e325b1ef198c", size = 10761325, upload-time = "2026-03-02T15:51:26.818Z" },
    { url = "https://files.pythonhosted.org/packages/39/9e/67db935bdedf219a00fb69ec5437ba24dab66e0f2e706dd54a4eca234b84/ty-0.0.20-py3-none-musllinux_1_2_aarch64.whl", hash = "sha256:0e3ffbae58f9f0d17cdc4ac6d175ceae560b7ed7d54f9ddfb1c9f31054bcdc2c", size = 10145793, upload-time = "2026-03-02T15:51:38.562Z" },
    { url = "https://files.pythonhosted.org/packages/c7/de/b0eb815d4dc5a819c7e4faddc2a79058611169f7eef07ccc006531ce228c/ty-0.0.20-py3-none-musllinux_1_2_armv7l.whl", hash = "sha256:176e52bc8bb00b0e84efd34583962878a447a3a0e34ecc45fd7097a37554261b", size = 10189640, upload-time = "2026-03-02T15:51:50.202Z" },
    { url = "https://files.pythonhosted.org/packages/b8/71/63734923965cbb70df1da3e93e4b8875434e326b89e9f850611122f279bf/ty-0.0.20-py3-none-musllinux_1_2_i686.whl", hash = "sha256:b2bc73025418e976ca4143dde71fb9025a90754a08ac03e6aa9b80d4bed1294b", size = 10370568, upload-time = "2026-03-02T15:51:42.295Z" },
    { url = "https://files.pythonhosted.org/packages/32/a0/a532c2048533347dff48e9ca98bd86d2c224356e101688a8edaf8d6973fb/ty-0.0.20-py3-none-musllinux_1_2_x86_64.whl", hash = "sha256:d52f7c9ec6e363e094b3c389c344d5a140401f14a77f0625e3f28c21918552f5", size = 10853999, upload-time = "2026-03-02T15:51:58.963Z" },
    { url = "https://files.pythonhosted.org/packages/48/88/36c652c658fe96658043e4abc8ea97801de6fb6e63ab50aaa82807bff1d8/ty-0.0.20-py3-none-win32.whl", hash = "sha256:c7d32bfe93f8fcaa52b6eef3f1b930fd7da410c2c94e96f7412c30cfbabf1d17", size = 9744206, upload-time = "2026-03-02T15:51:54.183Z" },
    { url = "https://files.pythonhosted.org/packages/ff/a7/a4a13bed1d7fd9d97aaa3c5bb5e6d3e9a689e6984806cbca2ab4c9233cac/ty-0.0.20-py3-none-win_amd64.whl", hash = "sha256:a5e10f40fc4a0a1cbcb740a4aad5c7ce35d79f030836ea3183b7a28f43170248", size = 10711999, upload-time = "2026-03-02T15:51:29.212Z" },
    { url = "https://files.pythonhosted.org/packages/8d/7e/6bfd748a9f4ff9267ed3329b86a0f02cdf6ab49f87bc36c8a164852f99fc/ty-0.0.20-py3-none-win_arm64.whl", hash = "sha256:53f7a5c12c960e71f160b734f328eff9a35d578af4b67a36b0bb5990ac5cdc27", size = 10150143, upload-time = "2026-03-02T15:51:31.283Z" },
]

[[package]]
name = "types-houdini"
version = "19.5.1"
source = { registry = "https://pypi.org/simple" }
sdist = { url = "https://files.pythonhosted.org/packages/ac/04/56332f097c5e5890087285fa9ce61f21a5c58cf17c2f97da4a34ee965f5e/types_houdini-19.5.1.tar.gz", hash = "sha256:60e51f1ea6d57c63792c027b87aa0b4052e05b215cd0fdd1ecc98de203198c17", size = 72231, upload-time = "2023-08-05T06:00:29.657Z" }
wheels = [
    { url = "https://files.pythonhosted.org/packages/94/44/59e86a75ab3e4c067077087fdd54f02218c7b7a3df7b572bf1207b186538/types_houdini-19.5.1-py2.py3-none-any.whl", hash = "sha256:1b7aaf25690ef9f820507ce6a45656a1c65d1b25102978e4bd57e7a54fb1bf50", size = 72962, upload-time = "2023-08-05T06:00:26.929Z" },
]

[[package]]
name = "types-katana"
version = "5.0.5.0"
source = { registry = "https://pypi.org/simple" }
sdist = { url = "https://files.pythonhosted.org/packages/47/0b/d95da1763e56df58adb1b44ae8020d7f5c9c49607d843d9fa91c5bd9e895/types_katana-5.0.5.0.tar.gz", hash = "sha256:bbeaec6ac8b95260097ff90fb3556937b88f533bffa11eb8e15a28fb67d2a7b3", size = 319641, upload-time = "2023-08-08T05:05:41.848Z" }
wheels = [
    { url = "https://files.pythonhosted.org/packages/2c/44/64612aa68f26891354bafbdb55b11505de7b5fcfe57e8865d0b256be5df4/types_katana-5.0.5.0-py2.py3-none-any.whl", hash = "sha256:236a57633dfc4f3fd9e37a0c7fe75dc34124f3af20d552d0a2b1b2219cbd1140", size = 757127, upload-time = "2023-08-08T05:05:39.651Z" },
]

[[package]]
name = "types-mari"
version = "5.0.5.0"
source = { registry = "https://pypi.org/simple" }
sdist = { url = "https://files.pythonhosted.org/packages/39/66/2c285c3713564c129b0b18cb47c142a237f882eb8bf373d65e5cc8dea306/types_mari-5.0.5.0.tar.gz", hash = "sha256:159d828175b840ac3e193a027e08775dff7e59da7578882f31cef28101a6cea3", size = 55825, upload-time = "2023-08-04T21:50:30.647Z" }
wheels = [
    { url = "https://files.pythonhosted.org/packages/04/34/761a73023181e4ac3c638f377634d855f1fa43ab835e56ff195ea0612676/types_mari-5.0.5.0-py2.py3-none-any.whl", hash = "sha256:06e130d943ec1c5ea25db625d304136dba65af3aeda6ecc9c9e19b97f4fb3f22", size = 93111, upload-time = "2023-08-04T21:50:28.693Z" },
]

[[package]]
name = "types-nuke"
version = "13.2.8.0"
source = { registry = "https://pypi.org/simple" }
sdist = { url = "https://files.pythonhosted.org/packages/27/48/580f792f90ccd2124035d4bf9c3105cab64af509940693f17de9cfef2350/types_nuke-13.2.8.0.tar.gz", hash = "sha256:27626454c7d0bef1d3f4580f1e88c818cf9330186af538bd1ee5f48cc4c2cf67", size = 16447, upload-time = "2023-06-30T00:38:31.199Z" }
wheels = [
    { url = "https://files.pythonhosted.org/packages/5a/c4/a7fffabbfab1113d74b295f6cf55c80715f1e18755d2dc4a43e6b51d8b02/types_nuke-13.2.8.0-py2.py3-none-any.whl", hash = "sha256:ea3aecb23c154204ff4f061077f13032ba9c67b09c019f1bf7df517633b56360", size = 20397, upload-time = "2023-06-30T00:38:29.523Z" },
]

[[package]]
name = "types-opencolorio"
version = "2.4.2.0"
source = { registry = "https://pypi.org/simple" }
wheels = [
    { url = "https://files.pythonhosted.org/packages/1c/86/17f33598865b875b5780311426cf1ff56904659f7f56b4a65b5fc9f0f936/types_opencolorio-2.4.2.0-py2.py3-none-any.whl", hash = "sha256:c281760999a3ab4445590c89a11b53fa496afa85736051412fa1c20c8622a007", size = 16064, upload-time = "2025-07-22T02:57:28.699Z" },
]

[[package]]
name = "types-pyside2"
version = "5.15.2.1.8"
source = { registry = "https://pypi.org/simple" }
wheels = [
    { url = "https://files.pythonhosted.org/packages/0f/13/d22cdd7bd73908767ae96572852b4d77afaaccbfd88357fa153a2e6b13c4/types_pyside2-5.15.2.1.8-py2.py3-none-any.whl", hash = "sha256:8d2d9e506b6db88d8ea6f04c56051d7567203ba630122e41de3b52e4842e6474", size = 576975, upload-time = "2025-11-01T19:30:09.336Z" },
]

[[package]]
name = "types-substance-painter"
version = "2023.8.3.0.0"
source = { registry = "https://pypi.org/simple" }
sdist = { url = "https://files.pythonhosted.org/packages/c9/7e/0b0720e94835d7da7ca8d1a89bff5e24905317a8e7ee9170efbeab8aa21f/types_substance_painter-2023.8.3.0.0.tar.gz", hash = "sha256:747e3a38cd6813ed17cb22d611746559e142e152c49ecdb39b4bc0bd3730ffcf", size = 11894, upload-time = "2023-06-30T01:01:52.269Z" }
wheels = [
    { url = "https://files.pythonhosted.org/packages/48/76/7ec02318a9ecbd88c5289b1e3a6062a97e468da0dc5c0c7a96e2c3f0fe87/types_substance_painter-2023.8.3.0.0-py2.py3-none-any.whl", hash = "sha256:a937131a955c79300b04031a648a733d95a7fa6b96168810a097ebf6253f8e88", size = 20885, upload-time = "2023-06-30T01:01:50.543Z" },
]

[[package]]
name = "types-usd"
version = "24.5.2"
source = { registry = "https://pypi.org/simple" }
sdist = { url = "https://files.pythonhosted.org/packages/1e/2e/b27175e276886dece2660c527556981dbf9465b977826e8b602500113fed/types_usd-24.5.2.tar.gz", hash = "sha256:5da654fdc17dfb8ddf2b264c626e5236e6572b5359498c5ec634b5577abe86fa", size = 487745, upload-time = "2024-08-21T03:40:44.95Z" }
wheels = [
    { url = "https://files.pythonhosted.org/packages/a9/38/77e716ff072350c3ae98da836e26080ffaf72e5da41c301dad55d23d8897/types_usd-24.5.2-py2.py3-none-any.whl", hash = "sha256:e696c40f7aec7fa3f65f14d26345b9b747d9004616bcd9fb01c85d4bb52b3d68", size = 541467, upload-time = "2024-08-21T03:40:43.139Z" },
]
